<Solution>
  <Folder Name="/src/">
    <Project Path="src/Prisma.Api/Prisma.Api.csproj" />
    <Project Path="src/Prisma.Domain/Prisma.Domain.csproj" />
  </Folder>
  <Folder Name="/tests/">
    <Project Path="tests/Prisma.Api.Tests/Prisma.Api.Tests.csproj" />
    <Project Path="tests/Prisma.Architecture.Tests/Prisma.Architecture.Tests.csproj" />
    <Project Path="tests/Prisma.Domain.Tests/Prisma.Domain.Tests.csproj" />
  </Folder>
</Solution>
